version = 1
revision = 5
requires-python = ">=3.12"

[[package]]
name = "anyio"
version = "4.15.1"
source = { registry = "https://pypi.org/simple" }
dependencies = [
    { name = "idna" },
    { name = "typing-extensions", marker = "python_full_version < '3.15'" },
]
sdist = { url = "https://files.pythonhosted.org/packages/a9/d2/f4d173e22df740bc37b1db102b386ba719b66e95b0f0d751f556b387e6d2/anyio-4.15.1.tar.gz", hash = "sha256:9f28306018cbd6d329e64a36d58256edff76dd996fe423bc957326e578b82a94", size = 276966, upload-time = "2026-09-05T10:42:39.44Z" }
wheels = [
    { url = "https://files.pythonhosted.org/packages/12/b8/4bd346e22b28902df4d651910f5242c28d84e4a5c2435ca5c3f797ed7e2e/anyio-4.15.1-py3-none-any.whl", hash = "sha256:6152fdbbf9a77fdec97731721bebf7c4c44f7c29b424b0065826173efc7ed101", size = 132079, upload-time = "2026-09-05T10:42:37.923Z" },
]

[[package]]
name = "certifi"
version = "2026.7.22"
source = { registry = "https://pypi.org/simple" }
sdist = { url = "https://files.pythonhosted.org/packages/a3/c2/24167ea9858356b47a87a50d39908bfdb72ceeefe0041586e704e5376b3a/certifi-2026.7.22.tar.gz", hash = "sha256:741e2c3b351ddf169a738da9f2c048608ff7f2c5cc02f1ebc6b118bb090d5d55", size = 138112, upload-time = "2026-07-22T03:35:12.644Z" }
wheels = [
    { url = "https://files.pythonhosted.org/packages/0b/a7/71ac2cff56fec219ed242bb11b8efb69fcc4bec75db06fb7bfe35de520e6/certifi-2026.7.22-py3-none-any.whl", hash = "sha256:62f22742b58a1a33014a2b6b706588a8d7e2a88ae7bd1a6ebe8c992928483775", size = 136983, upload-time = "2026-07-22T03:35:11.276Z" },
]

[[package]]
name = "h11"
version = "0.16.0"
source = { registry = "https://pypi.org/simple" }
sdist = { url = "https://files.pythonhosted.org/packages/01/ee/02a2c011bdab74c6fb3c75474d40b3052059d95df7e73351460c8588d963/h11-0.16.0.tar.gz", hash = "sha256:4e35b956cf45792e4caa5885e69fba00bdbc6ffafbfa020300e549b208ee5ff1", size = 101250, upload-time = "2025-04-24T03:35:25.427Z" }
wheels = [
    { url = "https://files.pythonhosted.org/packages/04/4b/29cac41a4d98d144bf5f6d33995617b185d14b22401f75ca86f384e87ff1/h11-0.16.0-py3-none-any.whl", hash = "sha256:63cf8bbe7522de3bf65932fda1d9c2772064ffb3dae62d55932da54b31cb6c86", size = 37515, upload-time = "2025-04-24T03:35:24.344Z" },
]

[[package]]
name = "httpcore"
version = "1.0.9"
source = { registry = "https://pypi.org/simple" }
dependencies = [
    { name = "certifi" },
    { name = "h11" },
]
sdist = { url = "https://files.pythonhosted.org/packages/06/94/82699a10bca87a5556c9c59b5963f2d039dbd239f25bc2a63907a05a14cb/httpcore-1.0.9.tar.gz", hash = "sha256:6e34463af53fd2ab5d807f399a9b45ea31c3dfa2276f15a2c3f00afff6e176e8", size = 85484, upload-time = "2025-04-24T22:06:22.219Z" }
wheels = [
    { url = "https://files.pythonhosted.org/packages/7e/f5/f66802a942d491edb555dd61e3a9961140fd64c90bce1eafd741609d334d/httpcore-1.0.9-py3-none-any.whl", hash = "sha256:2d400746a40668fc9dec9810239072b40b4484b640a8c38fd654a024c7a1bf55", size = 78784, upload-time = "2025-04-24T22:06:20.566Z" },
]

[[package]]
name = "httpx"
version = "0.28.1"
source = { registry = "https://pypi.org/simple" }
dependencies = [
    { name = "anyio" },
    { name = "certifi" },
    { name = "httpcore" },
    { name = "idna" },
]
sdist = { url = "https://files.pythonhosted.org/packages/b1/df/48c586a5fe32a0f01324ee087459e112ebb7224f646c0b5023f5e79e9956/httpx-0.28.1.tar.gz", hash = "sha256:75e98c5f16b0f35b567856f597f06ff2270a374470a5c2392242528e3e3e42fc", size = 141406, upload-time = "2024-12-06T15:37:23.222Z" }
wheels = [
    { url = "https://files.pythonhosted.org/packages/2a/39/e50c7c3a983047577ee07d2a9e53faf5a69493943ec3f6a384bdc792deb2/httpx-0.28.1-py3-none-any.whl", hash = "sha256:d909fcccc110f8c7faf814ca82a9a4d816bc5a6dbfea25d6591d6985b8ba59ad", size = 73517, upload-time = "2024-12-06T15:37:21.509Z" },
]

[[package]]
name = "idna"
version = "3.20"
source = { registry = "https://pypi.org/simple" }
sdist = { url = "https://files.pythonhosted.org/packages/f5/08/8eea9d4b8302028f3abb2c0813953f7aec26d33b7a8960ed760e65ff29fa/idna-3.20.tar.gz", hash = "sha256:a7db850025b95ded1eae8a46181a1a6c56c92c96f0e2b005d9ff8dc0210cab44", size = 216463, upload-time = "2026-09-17T14:11:04.752Z" }
wheels = [
    { url = "https://files.pythonhosted.org/packages/58/a2/bb081bab032533a855d44de1d56f8e8426114ff1ba5d1f07a438a0a654f8/idna-3.20-py3-none-any.whl", hash = "sha256:ab7ae7122974553370f0bdb919e1a960b2cd1bc1ef0276416d896db81c14582c", size = 69583, upload-time = "2026-09-17T14:11:03.168Z" },
]

[[package]]
name = "radaris"
version = "0.1.0"
source = { editable = "." }
dependencies = [
    { name = "httpx" },
    { name = "sqlalchemy" },
]

[package.metadata]
requires-dist = [
    { name = "httpx", specifier = ">=0.28.1" },
    { name = "sqlalchemy", specifier = ">=2.1.4" },
]

[[package]]
name = "sqlalchemy"
version = "2.1.4"
source = { registry = "https://pypi.org/simple" }
dependencies = [
    { name = "typing-extensions" },
]
sdist = { url = "https://files.pythonhosted.org/packages/1f/44/311bac6b6ef81e4dfd0287d04900108b1f5c00c9761dd3c0a2b7b9d0f86b/sqlalchemy-2.1.4.tar.gz", hash = "sha256:7bd7ad604487daa7eab8716471c29a7185f17b5287ce73bb7bc79fea050d8cfd", size = 10544216, upload-time = "2026-10-07T17:33:59.116Z" }
wheels = [
    { url = "https://files.pythonhosted.org/packages/49/5e/cb5b078e007340661b010fa8bd31ce27468f88e09b35266544df4e0c52ca/sqlalchemy-2.1.4-cp312-cp312-macosx_11_0_arm64.whl", hash = "sha256:f953be9ba26039a24a5205c65d33518b608ce6f4f0f4e9b9c14eaf42a10dfc52", size = 2466469, upload-time = "2026-10-07T18:17:24.049Z" },
    { url = "https://files.pythonhosted.org/packages/b1/98/44e2fdc5bc053dae559bf4f4eb7967ceecbad162299ecfc8de2edc3fcbe7/sqlalchemy-2.1.4-cp312-cp312-manylinux2014_aarch64.manylinux_2_17_aarch64.manylinux_2_28_aarch64.whl", hash = "sha256:1ac64fce94c5b389062d2e3806db5dc780447591e0dfd5ead218c884f0703f2e", size = 4668213, upload-time = "2026-10-07T18:37:42.294Z" },
    { url = "https://files.pythonhosted.org/packages/08/25/ed2262f964687b06f10c2c98b2dc9c9ed211f7cc11702879969a9ac217e4/sqlalchemy-2.1.4-cp312-cp312-manylinux2014_x86_64.manylinux_2_17_x86_64.manylinux_2_28_x86_64.whl", hash = "sha256:3e5045fb6aadbb0f978ab9b9d8822f7b7a97d2281814e7d13d791155664eace3", size = 4720857, upload-time = "2026-10-07T18:24:46.842Z" },
    { url = "https://files.pythonhosted.org/packages/4d/d4/fab64c61d5d22ddbb077afd1e6b29b498bdacdf6406a03f53566e7e01686/sqlalchemy-2.1.4-cp312-cp312-manylinux_2_31_riscv64.manylinux_2_39_riscv64.whl", hash = "sha256:e3a026436c51f296aa1d01243909a3b76490950e927824b10899a083cc26e7c3", size = 4369351, upload-time = "2026-10-07T18:59:45.483Z" },
    { url = "https://files.pythonhosted.org/packages/d9/e4/33413f0fafbcf3b332320aac2c1e40f3b4f17e56359a9474cb10de4bee8b/sqlalchemy-2.1.4-cp312-cp312-musllinux_1_2_aarch64.whl", hash = "sha256:71040390ef01c85e9d26e5c83cb0c5942dcc8725c49186430af160ce2f54234d", size = 4591496, upload-time = "2026-10-07T18:37:44.433Z" },
    { url = "https://files.pythonhosted.org/packages/bb/65/19821440cbd5c93da053d627b3e402eff11ff252bfae37700645b3c155a4/sqlalchemy-2.1.4-cp312-cp312-musllinux_1_2_riscv64.whl", hash = "sha256:07c60abaffb980b7382f2c75be8a5279c2b5df2626a0f5d751dd942799bf3b5c", size = 4362379, upload-time = "2026-10-07T18:59:48.278Z" },
    { url = "https://files.pythonhosted.org/packages/01/e3/168a0f93efd6ec40f59645a7e45ab08918e0bc8ecf07656e4ca09acdcc30/sqlalchemy-2.1.4-cp312-cp312-musllinux_1_2_x86_64.whl", hash = "sha256:a577e2127e52b0fe2bc54c73abb375a20ffe6f59fbc5568ccafc233f5bfcf8ef", size = 4667997, upload-time = "2026-10-07T18:24:48.72Z" },
    { url = "https://files.pythonhosted.org/packages/54/79/0a852ef65864acd8d577d7aa6f67146167382bd6faee7a7586b9e6e28275/sqlalchemy-2.1.4-cp312-cp312-win32.whl", hash = "sha256:6c79e0c824d51c586757ecd342160bbdede9010df04bb71b9bbfffd5c7b6ee29", size = 2376664, upload-time = "2026-10-07T18:25:00.637Z" },
    { url = "https://files.pythonhosted.org/packages/27/b9/a5934263bb1d712f743289ca224ab3b87e3570ac157802291e37ab85d365/sqlalchemy-2.1.4-cp312-cp312-win_amd64.whl", hash = "sha256:dffa69d2f3ba1933c1c1882dbef8fb3231b33eb19263e8b8c5cea24995071f06", size = 2429357, upload-time = "2026-10-07T18:25:02.565Z" },
    { url = "https://files.pythonhosted.org/packages/a5/fa/a2323d81384ff214aa189057b7455b63623e66f28208b982e86c3cb042f5/sqlalchemy-2.1.4-cp312-cp312-win_arm64.whl", hash = "sha256:e30524ae24e31d83e1b5f734862882c442f4158e3566f2c5f5e9bd3c659bb517", size = 2388756, upload-time = "2026-10-07T18:22:36.025Z" },
    { url = "https://files.pythonhosted.org/packages/dc/e4/23174288ed2c03d6dbd5dfacd69e28303ee95f49642a8ed0544932999fb6/sqlalchemy-2.1.4-cp313-cp313-macosx_11_0_arm64.whl", hash = "sha256:70006e9e6157200b795beeee04bd5cb15bccb40a14de595eb9f5dcf5945ed244", size = 2460507, upload-time = "2026-10-07T18:04:40.044Z" },
    { url = "https://files.pythonhosted.org/packages/9f/ac/254fadc98bfd600445b976e81c6d777b08a728a415c3b77a8c8d35b89a83/sqlalchemy-2.1.4-cp313-cp313-manylinux2014_aarch64.manylinux_2_17_aarch64.manylinux_2_28_aarch64.whl", hash = "sha256:3341ddc430733cd961bc064889f42712a0b4056733a21c83176842aad67d12a6", size = 4594505, upload-time = "2026-10-07T18:16:58.768Z" },
    { url = "https://files.pythonhosted.org/packages/83/6f/ac7beddc57c9c87bd77bc1c158fcbcdc20822f1873bf33ea3480d04e865f/sqlalchemy-2.1.4-cp313-cp313-manylinux2014_x86_64.manylinux_2_17_x86_64.manylinux_2_28_x86_64.whl", hash = "sha256:98f7a4bfeaed3722804f737ae2bd4077b35e57d6f4531fe612bac8160cda5acd", size = 4647364, upload-time = "2026-10-07T18:34:51.721Z" },
    { url = "https://files.pythonhosted.org/packages/0a/82/fc3891f261c4738a8b90cfdd805fe292d1af3b77f680a63b7349304c74e5/sqlalchemy-2.1.4-cp313-cp313-manylinux_2_31_riscv64.manylinux_2_39_riscv64.whl", hash = "sha256:ec5d079935f67febe0ab8a3a203ad591b99508adc34ae0027f696dcb20373537", size = 4311619, upload-time = "2026-10-07T18:38:44.002Z" },
    { url = "https://files.pythonhosted.org/packages/b0/1a/160c1320ab20e764a29721dc3fe7c31af34e291c652dca875d1ca6022b9a/sqlalchemy-2.1.4-cp313-cp313-musllinux_1_2_aarch64.whl", hash = "sha256:3d675b0856b6703b29d023517a4c19fecfbb55214ff5c72cd813527e40aed9b4", size = 4518031, upload-time = "2026-10-07T18:17:05.615Z" },
    { url = "https://files.pythonhosted.org/packages/30/2c/15a204333896e5dc63cb089ea20ca3ebc3c892bedf9fa00cc1a65e20d7b5/sqlalchemy-2.1.4-cp313-cp313-musllinux_1_2_riscv64.whl", hash = "sha256:a0bb9ee6a38cb36240dc88da11888348f61506047be54de3f09496c3b0ead6f5", size = 4312818, upload-time = "2026-10-07T18:38:46.541Z" },
    { url = "https://files.pythonhosted.org/packages/a6/55/5e78d288f198598f278b4b7baef42f18e039b14b1e1045e9df3cf571300d/sqlalchemy-2.1.4-cp313-cp313-musllinux_1_2_x86_64.whl", hash = "sha256:61a2c48771cf314b6613d327c795902bbc0eb6d6169deb23b35004ba6ad6cc0d", size = 4608584, upload-time = "2026-10-07T18:34:53.69Z" },
    { url = "https://files.pythonhosted.org/packages/ab/f6/e83b93ecc6e6528623fd7aa2af27ff0660d22354b78fe6ccad03f9ecbd9f/sqlalchemy-2.1.4-cp313-cp313-win32.whl", hash = "sha256:3fd608a06bafa768ad5711df4e17eb058bdc490e9df7d39b12a90947471e8712", size = 2373880, upload-time = "2026-10-07T18:22:11.722Z" },
    { url = "https://files.pythonhosted.org/packages/8f/46/afb02975023db6aa4b8608177c2fae17d0b435d9cbfcb5df4fa6e65a8078/sqlalchemy-2.1.4-cp313-cp313-win_amd64.whl", hash = "sha256:b756d74527c56a7e4cfae297f7930c1d75bdf4b23f214c8c13779746d28060cb", size = 2424430, upload-time = "2026-10-07T18:22:23.688Z" },
    { url = "https://files.pythonhosted.org/packages/21/e5/76dc82d59186b98b27589b33b01175c0d49512679276170271d9384418e2/sqlalchemy-2.1.4-cp313-cp313-win_arm64.whl", hash = "sha256:a64d54015233f824f171009977bfbb6b08bd0347b700cf17cb047ffb94c4148f", size = 2385057, upload-time = "2026-10-07T18:11:48.248Z" },
    { url = "https://files.pythonhosted.org/packages/43/b0/6675a01f4e6215e0a809d28a800953294ab31370fe8c4bb3eb9e28c0b5a6/sqlalchemy-2.1.4-cp314-cp314-macosx_11_0_arm64.whl", hash = "sha256:7a2f6164c0527cd8fc4cea79a5c9d8369ffee417b8ba444a42342f36b91deb75", size = 2463645, upload-time = "2026-10-07T18:04:41.615Z" },
    { url = "https://files.pythonhosted.org/packages/7e/24/4630a4009ea08a0769d5ff6517c7fc978f6a63eba32e08c44b98c284d7e4/sqlalchemy-2.1.4-cp314-cp314-manylinux2014_aarch64.manylinux_2_17_aarch64.manylinux_2_28_aarch64.whl", hash = "sha256:6929a11ad26a91a4efd891c1252b373c2e88f056910b83ec6030ed3f2cbcb734", size = 4587911, upload-time = "2026-10-07T18:17:12.512Z" },
    { url = "https://files.pythonhosted.org/packages/0e/02/953686f44448b92cc628245687a242799b6eb11ef30ad2bc7adacd51986d/sqlalchemy-2.1.4-cp314-cp314-manylinux2014_x86_64.manylinux_2_17_x86_64.manylinux_2_28_x86_64.whl", hash = "sha256:14528d37d7d46a92f2a483f188f7fecd86cdd789254a0412b960c9fc5e9efd6d", size = 4617539, upload-time = "2026-10-07T18:34:55.826Z" },
    { url = "https://files.pythonhosted.org/packages/13/23/a44288ab4fa12e51c9d390e7d798d70a45669ddcbddc9dd9b5948eb1aa3f/sqlalchemy-2.1.4-cp314-cp314-manylinux_2_31_riscv64.manylinux_2_39_riscv64.whl", hash = "sha256:d2cb669c6bd1f19caf51db6e3c4fdd4cbb76f9db3ef81c3aeb5e288d9bae101b", size = 4310883, upload-time = "2026-10-07T18:38:50.265Z" },
    { url = "https://files.pythonhosted.org/packages/a3/39/1c441ac015767f619a9e6cc306905bb042f94b84f2a1e930e989e9c6e209/sqlalchemy-2.1.4-cp314-cp314-musllinux_1_2_aarch64.whl", hash = "sha256:63dc25b21fd9a41dc09b7aada4b3b0d97cf4b6414f74bced6ac45326bc799ac9", size = 4516511, upload-time = "2026-10-07T18:17:14.368Z" },
    { url = "https://files.pythonhosted.org/packages/2f/b9/f54ea5ccb27d9a712d90d1617050bee761df25dc1fb5e0b7d2aa867deb51/sqlalchemy-2.1.4-cp314-cp314-musllinux_1_2_riscv64.whl", hash = "sha256:308f96d24e773d64609a2a0d1161a068f9f6e9165523bc4e07aa9c45f0c4213f", size = 4312314, upload-time = "2026-10-07T18:38:53.249Z" },
    { url = "https://files.pythonhosted.org/packages/df/9a/c1e39287ee988e4c2e25c619959b8fb15b297734be040653fe85b57517ee/sqlalchemy-2.1.4-cp314-cp314-musllinux_1_2_x86_64.whl", hash = "sha256:93b9416b9011a3b7689a933e04ac9f61d15686b6cb1948ebc1f41467153116c3", size = 4577833, upload-time = "2026-10-07T18:34:57.829Z" },
    { url = "https://files.pythonhosted.org/packages/41/78/5f1ae1911d2b20ccdb39ee522118533a4b5262b6e5e06bbcbb1ebd1f4617/sqlalchemy-2.1.4-cp314-cp314-win32.whl", hash = "sha256:89db94855287fdac98d74595cf13ea59fbffa608d6400ff972b0fd4c036d873f", size = 2380724, upload-time = "2026-10-07T18:22:25.374Z" },
    { url = "https://files.pythonhosted.org/packages/ca/93/4dfa4ce15d082011fb94e06e7c6b4c2957a3f0ddeb8fe9b89d007bc058d7/sqlalchemy-2.1.4-cp314-cp314-win_amd64.whl", hash = "sha256:080f8d853aac5bb5620f0ae6f46527397cf18dce0ec2b478b478469ef3cae2c4", size = 2431689, upload-time = "2026-10-07T18:22:27.144Z" },
    { url = "https://files.pythonhosted.org/packages/1a/c4/6f6c29eaf459c4c2d9b7d24e300bab32043f8f8a936df863f3b886b5564a/sqlalchemy-2.1.4-cp314-cp314-win_arm64.whl", hash = "sha256:64d41be1dd88f184de1931f0173f4827122a1b49fd1150656641200c0bdf640c", size = 2396106, upload-time = "2026-10-07T18:11:49.528Z" },
    { url = "https://files.pythonhosted.org/packages/a5/e9/48f851411665e394f60c669d1f9494d660f5f1fe46e275f9615cfc812a98/sqlalchemy-2.1.4-cp314-cp314t-macosx_11_0_arm64.whl", hash = "sha256:84272f329c15081a1e09b4a7261118b4e8a547f43e00fca98e55bbdf19eff3be", size = 2503038, upload-time = "2026-10-07T18:19:41.094Z" },
    { url = "https://files.pythonhosted.org/packages/41/ed/bf83068bda4051d7fd719c14cefc15d8466ef1e3656b9f4401b0509b11e0/sqlalchemy-2.1.4-cp314-cp314t-manylinux2014_aarch64.manylinux_2_17_aarch64.manylinux_2_28_aarch64.whl", hash = "sha256:7b3f58bd26fc010ea28976d401845e4e6ce02e1b7c0288b3ea9c9a3c396f0bcc", size = 4919623, upload-time = "2026-10-07T18:16:45.399Z" },
    { url = "https://files.pythonhosted.org/packages/56/de/57eb70d56b70d22a9360d658b195834ecfdeff7a7bc5c2e3a7fa7a8f7823/sqlalchemy-2.1.4-cp314-cp314t-manylinux2014_x86_64.manylinux_2_17_x86_64.manylinux_2_28_x86_64.whl", hash = "sha256:82d728075d42bd457d09655cf22e99d772a648c6f67e86743a4f05b7d063ca18", size = 4830238, upload-time = "2026-10-07T18:37:04.468Z" },
    { url = "https://files.pythonhosted.org/packages/70/3d/c410e9e79a53fff4c04444da609fed6404868d250f11fe8bc53d827bfb0e/sqlalchemy-2.1.4-cp314-cp314t-manylinux_2_31_riscv64.manylinux_2_39_riscv64.whl", hash = "sha256:0970394ec5d9e397aafc5bc5fa2b7f8b58cb191f2703006b19a96ef4bf00b8d9", size = 4508380, upload-time = "2026-10-07T18:38:44.277Z" },
    { url = "https://files.pythonhosted.org/packages/1f/c3/01b93821ba35b5b162e79c613279d960a120767694f656da1c1374dd3ed3/sqlalchemy-2.1.4-cp314-cp314t-musllinux_1_2_aarch64.whl", hash = "sha256:6005f2f5fcd67fdd721446128e6a2a1d18f77387a604fbd26b0006a086b33096", size = 4775311, upload-time = "2026-10-07T18:16:47.724Z" },
    { url = "https://files.pythonhosted.org/packages/c7/88/0b40754e4d851d33548792062c23467a3d8dc07f2eff90cb19e4c404fb4c/sqlalchemy-2.1.4-cp314-cp314t-musllinux_1_2_riscv64.whl", hash = "sha256:0e01a3e199ae219381c4889993c5584b1b905fffe6830f639adb6770036a8913", size = 4508558, upload-time = "2026-10-07T18:38:47.857Z" },
    { url = "https://files.pythonhosted.org/packages/d3/2f/3916954eca5596d9e93fccd2ec0e45fd8c65981debac0ec4617639ded6ba/sqlalchemy-2.1.4-cp314-cp314t-musllinux_1_2_x86_64.whl", hash = "sha256:22129e7d00ac66b291840c4dc83a9c497456ab5bffa682dcbfdc2356f9e49e5a", size = 4767114, upload-time = "2026-10-07T18:37:06.792Z" },
    { url = "https://files.pythonhosted.org/packages/6b/d6/6a29716aec6ae17cd77e27b5e0dedc68cf9068594f2b601806c1d146427a/sqlalchemy-2.1.4-cp314-cp314t-win32.whl", hash = "sha256:bc33d3e59d4e84b8866cc9ba13732585e37212dbe3542cb09f232682b36f47a5", size = 2439584, upload-time = "2026-10-07T18:22:44.434Z" },
    { url = "https://files.pythonhosted.org/packages/34/79/2f0b33647d2d26f098269096c1864c0b4e81095354cdedb95192647f47cd/sqlalchemy-2.1.4-cp314-cp314t-win_amd64.whl", hash = "sha256:346d144e8912ae087b10d3c2081657cb634728600693eee6dbb71d7eb4768101", size = 2507217, upload-time = "2026-10-07T18:22:46.176Z" },
    { url = "https://files.pythonhosted.org/packages/93/e5/869c1ac0a21e17e4617b6a7828b50320bedb7074b6d67aec59299be5cdba/sqlalchemy-2.1.4-cp314-cp314t-win_arm64.whl", hash = "sha256:3e5de57c71b3460e2ca6137e82cd3cb8c9f711f301f50d5c77156fdb9c822999", size = 2425329, upload-time = "2026-10-07T18:12:20.595Z" },
    { url = "https://files.pythonhosted.org/packages/2b/8e/a082a165b473dae45d2f2f79be15f5c405ac579830c64253efbf04695177/sqlalchemy-2.1.4-cp315-cp315-macosx_11_0_arm64.whl", hash = "sha256:418786f05387ddb66ee683a1d016c5a8d9bf7be921e6ee8f285c7b6ac961a731", size = 2463572, upload-time = "2026-10-07T18:11:12.053Z" },
    { url = "https://files.pythonhosted.org/packages/d1/35/74db254005ecb384533973b157ba1fc3fe5bc41a5bc6e0500ab8369c49e6/sqlalchemy-2.1.4-cp315-cp315-manylinux2014_aarch64.manylinux_2_17_aarch64.manylinux_2_28_aarch64.whl", hash = "sha256:283914efed30e4d44301e36ac90ad048570538b8a70f072fe01578d9b205d09c", size = 4591740, upload-time = "2026-10-07T18:01:00.314Z" },
    { url = "https://files.pythonhosted.org/packages/70/81/5cadd72b0c26b6ee7c1e6950cb9f0cfc383246a842314a1b2a87f455db25/sqlalchemy-2.1.4-cp315-cp315-manylinux2014_x86_64.manylinux_2_17_x86_64.manylinux_2_28_x86_64.whl", hash = "sha256:3d2eacdbeb990b80235763860923c60a8393745b66f7149a734980c65896da72", size = 4627040, upload-time = "2026-10-07T18:09:24.836Z" },
    { url = "https://files.pythonhosted.org/packages/8e/78/aed93cc373f61b57625e1f9f84bbf12358e32e935e64fa098f3a446e1203/sqlalchemy-2.1.4-cp315-cp315-manylinux_2_31_riscv64.manylinux_2_39_riscv64.whl", hash = "sha256:e43fca5fdd5f34a3f8c54107a3648d3139de8bbf596a189f3f0de94bd84949bb", size = 4333103, upload-time = "2026-10-07T18:33:48.275Z" },
    { url = "https://files.pythonhosted.org/packages/e0/31/ecc6bbd365671cdc512a59d42afa7c34b2833a8d841754918ae3f62d36dd/sqlalchemy-2.1.4-cp315-cp315-musllinux_1_2_aarch64.whl", hash = "sha256:2e1b5343d315b10a4a71da481729f66f830a561595e02b61e8a5a65d658325ac", size = 4519962, upload-time = "2026-10-07T18:01:02.268Z" },
    { url = "https://files.pythonhosted.org/packages/58/58/9f8f6157c2252aefe73f4a0b3859413bb720d14321aa7f367c691949aaf8/sqlalchemy-2.1.4-cp315-cp315-musllinux_1_2_riscv64.whl", hash = "sha256:42c37c06adcecf444e8c981f7e9237a41bdd445c83da0df9e08b4ad958becbbc", size = 4331935, upload-time = "2026-10-07T18:33:50.334Z" },
    { url = "https://files.pythonhosted.org/packages/97/de/a4ae4b95d17607004f01e9a085fb221087c557bbad77a3d87d5d0a5fd8bc/sqlalchemy-2.1.4-cp315-cp315-musllinux_1_2_x86_64.whl", hash = "sha256:bab7f51d38766d6a64da2b41976f1b3f9cc2ff37d3f2f63bdbac876199f3a48e", size = 4589275, upload-time = "2026-10-07T18:09:26.872Z" },
    { url = "https://files.pythonhosted.org/packages/65/27/56f69293a01279ac0e6077b8c358eb0f1c2afc6aa17428414a86c8871042/sqlalchemy-2.1.4-cp315-cp315-win32.whl", hash = "sha256:1541ba5bf0f232cd61f9ef3df78c93977c72ba6031506a0e6d057b2a3ddb76e9", size = 2380494, upload-time = "2026-10-07T18:04:25.637Z" },
    { url = "https://files.pythonhosted.org/packages/2c/7c/ff7e29f95996ed49b950afd531b89e7c8d15addb41735643d07090550090/sqlalchemy-2.1.4-cp315-cp315-win_amd64.whl", hash = "sha256:596a95611c217cb19c21f02f43c637cb507cab71dcf0467c5c7d98fcdd703007", size = 2431760, upload-time = "2026-10-07T18:04:27.275Z" },
    { url = "https://files.pythonhosted.org/packages/76/8c/4eaa4978760cd632093ea272e7c4f88223619202f5481f897e67d4377409/sqlalchemy-2.1.4-cp315-cp315-win_arm64.whl", hash = "sha256:0d1ca95e42ce3c18818f170b741d30a33b292c6f6b9a202ffd717e28fc99b8c7", size = 2395807, upload-time = "2026-10-07T18:30:54.962Z" },
    { url = "https://files.pythonhosted.org/packages/be/7b/b806fbfc61ade37c4f3aecec0874c345fb297b56a3743116dcefa3e4700d/sqlalchemy-2.1.4-cp315-cp315t-macosx_11_0_arm64.whl", hash = "sha256:0f672ed6972164fec94a8f0b21dcf8545080d0727866335fb8adf9f4764ce6ec", size = 2499195, upload-time = "2026-10-07T18:19:42.835Z" },
    { url = "https://files.pythonhosted.org/packages/fc/ba/4f9fba8340222f09287e936d7b76e6911a4e507c7d6373ada770e8f697d5/sqlalchemy-2.1.4-cp315-cp315t-manylinux2014_aarch64.manylinux_2_17_aarch64.manylinux_2_28_aarch64.whl", hash = "sha256:72e3fa41d1fdab87d4e88bbdd69c9522e2795549fbe7b07bcf4ae9ec175f4b11", size = 4896914, upload-time = "2026-10-07T18:16:53.18Z" },
    { url = "https://files.pythonhosted.org/packages/55/34/c4aeec7bee453badd8b0e02c2021a13bd70ef01038303d05326e99f595b6/sqlalchemy-2.1.4-cp315-cp315t-manylinux2014_x86_64.manylinux_2_17_x86_64.manylinux_2_28_x86_64.whl", hash = "sha256:cb2cb98d056e63e353ed697750004e07c79b054d73059ba3184ca3bb07296bea", size = 4846593, upload-time = "2026-10-07T18:37:08.766Z" },
    { url = "https://files.pythonhosted.org/packages/82/54/6dd8504364e5f5efd328e98fea963e5a2e978ff8dcba70d95231314f82a9/sqlalchemy-2.1.4-cp315-cp315t-manylinux_2_31_riscv64.manylinux_2_39_riscv64.whl", hash = "sha256:1d66fdcc5506e0f8bb8d3f4f95125220a7cd6c46e8b1762750f01e9639973dd8", size = 4494821, upload-time = "2026-10-07T18:38:51.166Z" },
    { url = "https://files.pythonhosted.org/packages/df/42/dc584c098bce29578fd0611cd6f36830e06b4dd2505d3020a0b592f4cf08/sqlalchemy-2.1.4-cp315-cp315t-musllinux_1_2_aarch64.whl", hash = "sha256:81f802c96dbf96e59c6982fa1b87da7868920fb0c27b9b81e560a62f57c2ccfb", size = 4752545, upload-time = "2026-10-07T18:16:55.711Z" },
    { url = "https://files.pythonhosted.org/packages/8c/41/69a70c1419bea97e80f65ce09f4f626df464752b276f4f3d69ff6fbf2325/sqlalchemy-2.1.4-cp315-cp315t-musllinux_1_2_riscv64.whl", hash = "sha256:acf8982c70471a68aa90d1aba08b48860c55b3357ec84ccb0f09368ead2ce099", size = 4494093, upload-time = "2026-10-07T18:38:54.37Z" },
    { url = "https://files.pythonhosted.org/packages/ef/bd/d296c2223e8417b350db215d94dcd344bc0dfe9deb7d810a21f7d8cd0b14/sqlalchemy-2.1.4-cp315-cp315t-musllinux_1_2_x86_64.whl", hash = "sha256:778094c83e36c430756a7e1a1ac66fc3cffb2c6a1067958fe6b920abcec7bc5a", size = 4771973, upload-time = "2026-10-07T18:37:10.93Z" },
    { url = "https://files.pythonhosted.org/packages/13/4c/c3a10d9da10e4e60808ffd1825547b383c0d7ca9e56d15cdae47c04e752e/sqlalchemy-2.1.4-cp315-cp315t-win32.whl", hash = "sha256:963348422b22f760e9462e56bc32bf4d95d224cc5b8c79a3c6e3b786d3d2a2b2", size = 2436383, upload-time = "2026-10-07T18:22:48.162Z" },
    { url = "https://files.pythonhosted.org/packages/51/de/8045d4ad1fd3a66c3b9bb576f3734c86015e19ae2f1617af92eb63cf9e58/sqlalchemy-2.1.4-cp315-cp315t-win_amd64.whl", hash = "sha256:fba3500e170d25f581e053009edeb0b158116084d91d465de218718d336b67c3", size = 2502237, upload-time = "2026-10-07T18:22:50.196Z" },
    { url = "https://files.pythonhosted.org/packages/6b/4b/245e2315d331cc15765a2373e068445fbd28eb63beb23ea862828808c0bf/sqlalchemy-2.1.4-cp315-cp315t-win_arm64.whl", hash = "sha256:0a9a464bc360856b7ea9bf8aa26aab92ca115dd08149cb0e004063d5db13584b", size = 2420917, upload-time = "2026-10-07T18:12:21.876Z" },
    { url = "https://files.pythonhosted.org/packages/f7/62/dbf11a262f6fbb41390cab2d8e47a30ec0961018b68201607b599dd489f5/sqlalchemy-2.1.4-py3-none-any.whl", hash = "sha256:0b96edcc2cd60fe1e35f67a46f4eb076e57297841b9eae949ac5f196593f00a7", size = 2054935, upload-time = "2026-10-07T18:01:16.403Z" },
]

[[package]]
name = "typing-extensions"
version = "4.16.0"
source = { registry = "https://pypi.org/simple" }
sdist = { url = "https://files.pythonhosted.org/packages/f6/cc/6253133b5bb138fc3306cebfbda2c520f545d36b5be2c7255cc528bb45d6/typing_extensions-4.16.0.tar.gz", hash = "sha256:dc983d19a509c94dba722ee6abd33940f7c05a89e243c47e907eb4db6f1a43e5", size = 113555, upload-time = "2026-07-02T08:40:05.92Z" }
wheels = [
    { url = "https://files.pythonhosted.org/packages/49/d3/b8441a820a491ddfc024b0b0cf0393375b75ea13866d9c66727e54c2fc80/typing_extensions-4.16.0-py3-none-any.whl", hash = "sha256:481caa481374e813c1b176ada14e97f1f67a4539ce9cfeb3f350d78d6370c2e8", size = 45571, upload-time = "2026-07-02T08:40:04.659Z" },
]
